{
  "name": "benk",
  "version": "0.1.0",
  "lockfileVersion": 3,
  "requires": true,
  "packages": {
    "": {
      "name": "benk",
      "version": "0.1.0",
      "workspaces": [
        "packages/domain",
        "packages/simulator",
        "services/control-plane",
        "services/agent-engine"
      ],
      "devDependencies": {
        "typescript": "5.9.3"
      },
      "engines": {
        "node": ">=24 <25"
      }
    },
    "node_modules/@benk/agent-engine": {
      "resolved": "services/agent-engine",
      "link": true
    },
    "node_modules/@benk/control-plane": {
      "resolved": "services/control-plane",
      "link": true
    },
    "node_modules/@benk/domain": {
      "resolved": "packages/domain",
      "link": true
    },
    "node_modules/@benk/simulator": {
      "resolved": "packages/simulator",
      "link": true
    },
    "node_modules/effect": {
      "version": "4.0.2",
      "resolved": "https://registry.npmjs.org/effect/-/effect-4.0.2.tgz",
      "integrity": "sha512-YeYnLqSFrL4+tCOXRrfNP03w8FILoF/wDl+ukraJAGzXrjcS383W7LAAvGBbLatEyktmLxRq+9xJinx7QzXW5A==",
      "license": "MIT"
    },
    "node_modules/typescript": {
      "version": "5.9.3",
      "resolved": "https://registry.npmjs.org/typescript/-/typescript-5.9.3.tgz",
      "integrity": "sha512-jl1vZzPDinLr9eUt3J/t7V6FgNEw9QjvBPdysz9KfQDD41fQrC2Y4vKQdiaUpFT4bXlb1RHhLpp8wtm6M5TgSw==",
      "dev": true,
      "license": "Apache-2.0",
      "bin": {
        "tsc": "bin/tsc",
        "tsserver": "bin/tsserver"
      },
      "engines": {
        "node": ">=14.17"
      }
    },
    "packages/domain": {
      "name": "@benk/domain",
      "version": "0.1.0"
    },
    "packages/simulator": {
      "name": "@benk/simulator",
      "version": "0.1.0",
      "dependencies": {
        "@benk/domain": "0.1.0"
      }
    },
    "services/agent-engine": {
      "name": "@benk/agent-engine",
      "version": "0.1.0",
      "dependencies": {
        "@benk/simulator": "0.1.0",
        "effect": "4.0.2"
      }
    },
    "services/control-plane": {
      "name": "@benk/control-plane",
      "version": "0.1.0",
      "dependencies": {
        "@benk/simulator": "0.1.0",
        "effect": "4.0.2"
      }
    }
  }
}
